# This file is automatically @generated by Cargo.
# It is not intended for manual editing.
version = 3

[[package]]
name = "anyhow"
version = "1.0.78"
source = "registry+https://github.com/rust-lang/crates.io-index"
checksum = "ca87830a3e3fb156dc96cfbd31cb620265dd053be734723f22b760d6cc3c3051"

[[package]]
name = "bytes"
version = "1.5.0"
source = "registry+https://github.com/rust-lang/crates.io-index"
checksum = "a2bd12c1caf447e69cd4528f47f94d203fd2582878ecb9e9465484c4148a8223"

[[package]]
name = "either"
version = "1.9.0"
source = "registry+https://github.com/rust-lang/crates.io-index"
checksum = "a26ae43d7bcc3b814de94796a5e736d4029efb0ee900c12e2d54c993ad1a1e07"

[[package]]
name = "itertools"
version = "0.11.0"
source = "registry+https://github.com/rust-lang/crates.io-index"
checksum = "b1c173a5686ce8bfa551b3563d0c2170bf24ca44da99c7ca4bfdab5418c3fe57"
dependencies = [
 "either",
]

[[package]]
name = "proc-macro2"
version = "1.0.72"
source = "registry+https://github.com/rust-lang/crates.io-index"
checksum = "a293318316cf6478ec1ad2a21c49390a8d5b5eae9fab736467d93fbc0edc29c5"
dependencies = [
 "unicode-ident",
]

[[package]]
name = "prost"
version = "0.12.3"
source = "registry+https://github.com/rust-lang/crates.io-index"
checksum = "146c289cda302b98a28d40c8b3b90498d6e526dd24ac2ecea73e4e491685b94a"
dependencies = [
 "bytes",
 "prost-derive",
]

[[package]]
name = "prost-derive"
version = "0.12.3"
source = "registry+https://github.com/rust-lang/crates.io-index"
checksum = "efb6c9a1dd1def8e2124d17e83a20af56f1570d6c2d2bd9e266ccb768df3840e"
dependencies = [
 "anyhow",
 "itertools",
 "proc-macro2",
 "quote",
 "syn",
]

[[package]]
name = "prost-types"
version = "0.12.3"
source = "registry+https://github.com/rust-lang/crates.io-index"
checksum = "193898f59edcf43c26227dcd4c8427f00d99d61e95dcde58dabd49fa291d470e"
dependencies = [
 "prost",
]

[[package]]
name = "quote"
version = "1.0.33"
source = "registry+https://github.com/rust-lang/crates.io-index"
checksum = "5267fca4496028628a95160fc423a33e8b2e6af8a5302579e322e4b520293cae"
dependencies = [
 "proc-macro2",
]

[[package]]
name = "sartd-util"
version = "0.0.6"
dependencies = [
 "prost",
 "prost-types",
]

[[package]]
name = "syn"
version = "2.0.43"
source = "registry+https://github.com/rust-lang/crates.io-index"
checksum = "ee659fb5f3d355364e1f3e5bc10fb82068efbf824a1e9d1c9504244a6469ad53"
dependencies = [
 "proc-macro2",
 "quote",
 "unicode-ident",
]

[[package]]
name = "unicode-ident"
version = "1.0.12"
source = "registry+https://github.com/rust-lang/crates.io-index"
checksum = "3354b9ac3fae1ff6755cb6db53683adb661634f67557942dea4facebec0fee4b"
