# This file is automatically @generated by Cargo.
# It is not intended for manual editing.
version = 3

[[package]]
name = "anyhow"
version = "1.0.78"
source = "registry+https://github.com/rust-lang/crates.io-index"
checksum = "ca87830a3e3fb156dc96cfbd31cb620265dd053be734723f22b760d6cc3c3051"

[[package]]
name = "bytes"
version = "1.5.0"
source = "registry+https://github.com/rust-lang/crates.io-index"
checksum = "a2bd12c1caf447e69cd4528f47f94d203fd2582878ecb9e9465484c4148a8223"

[[package]]
name = "either"
version = "1.9.0"
source = "registry+https://github.com/rust-lang/crates.io-index"
checksum = "a26ae43d7bcc3b814de94796a5e736d4029efb0ee900c12e2d54c993ad1a1e07"

[[package]]
name = "itertools"
version = "0.11.0"
source = "registry+https://github.com/rust-lang/crates.io-index"
checksum = "b1c173a5686ce8bfa551b3563d0c2170bf24ca44da99c7ca4bfdab5418c3fe57"
dependencies = [
 "either",
]

[[package]]
name = "proc-macro2"
version = "1.0.73"
source = "registry+https://github.com/rust-lang/crates.io-index"
checksum = "2dd5e8a1f1029c43224ad5898e50140c2aebb1705f19e67c918ebf5b9e797fe1"
dependencies = [
 "unicode-ident",
]

[[package]]
name = "prost"
version = "0.12.3"
source = "registry+https://github.com/rust-lang/crates.io-index"
checksum = "146c289cda302b98a28d40c8b3b90498d6e526dd24ac2ecea73e4e491685b94a"
dependencies = [
 "bytes",
 "prost-derive",
]

[[package]]
name = "prost-derive"
version = "0.12.3"
source = "registry+https://github.com/rust-lang/crates.io-index"
checksum = "efb6c9a1dd1def8e2124d17e83a20af56f1570d6c2d2bd9e266ccb768df3840e"
dependencies = [
 "anyhow",
 "itertools",
 "proc-macro2",
 "quote",
 "syn",
]

[[package]]
name = "prost-types"
version = "0.12.3"
source = "registry+https://github.com/rust-lang/crates.io-index"
checksum = "193898f59edcf43c26227dcd4c8427f00d99d61e95dcde58dabd49fa291d470e"
dependencies = [
 "prost",
]

[[package]]
name = "quote"
version = "1.0.34"
source = "registry+https://github.com/rust-lang/crates.io-index"
checksum = "22a37c9326af5ed140c86a46655b5278de879853be5573c01df185b6f49a580a"
dependencies = [
 "proc-macro2",
]

[[package]]
name = "sartd-util"
version = "0.0.6"
dependencies = [
 "prost",
 "prost-types",
]

[[package]]
name = "syn"
version = "2.0.44"
source = "registry+https://github.com/rust-lang/crates.io-index"
checksum = "92d27c2c202598d05175a6dd3af46824b7f747f8d8e9b14c623f19fa5069735d"
dependencies = [
 "proc-macro2",
 "quote",
 "unicode-ident",
]

[[package]]
name = "unicode-ident"
version = "1.0.12"
source = "registry+https://github.com/rust-lang/crates.io-index"
checksum = "3354b9ac3fae1ff6755cb6db53683adb661634f67557942dea4facebec0fee4b"
